
Microsoft Visual Studio Solution File, Format Version 12.00
# Visual Studio Version 17
VisualStudioVersion = 17.5.002.0
MinimumVisualStudioVersion = 10.0.40219.1
Project("{2150E333-8FDC-42A3-9474-1A3956D46DE8}") = "csharp-prep", "csharp-prep", "{94EC711B-2F4E-465A-98C5-C8A347AF6B77}"
EndProject
Project("{9A19103F-16F7-4668-BE54-9A1E7A4F7556}") = "Prep1", "csharp-prep\Prep1\Prep1.csproj", "{964252A1-6085-4D13-88E8-B1CA73B20042}"
EndProject
Project("{9A19103F-16F7-4668-BE54-9A1E7A4F7556}") = "Prep2", "csharp-prep\Prep2\Prep2.csproj", "{81D84171-CBD8-43AE-90D6-226E2308303B}"
EndProject
Project("{9A19103F-16F7-4668-BE54-9A1E7A4F7556}") = "Prep3", "csharp-prep\Prep3\Prep3.csproj", "{9767D7B3-80A5-49AA-A529-4AFD5486F366}"
EndProject
Project("{9A19103F-16F7-4668-BE54-9A1E7A4F7556}") = "Prep4", "csharp-prep\Prep4\Prep4.csproj", "{76ACAF66-8837-4F46-837B-C1CA6BE6876B}"
EndProject
Project("{9A19103F-16F7-4668-BE54-9A1E7A4F7556}") = "Prep5", "csharp-prep\Prep5\Prep5.csproj", "{788E1E2F-1AB6-4F26-ABBF-33990799D21C}"
EndProject
Project("{2150E333-8FDC-42A3-9474-1A3956D46DE8}") = "final", "final", "{6ECF93D8-A83B-40DE-9927-6B39C7AAFD93}"
EndProject
Project("{9A19103F-16F7-4668-BE54-9A1E7A4F7556}") = "FinalProject", "final\FinalProject\FinalProject.csproj", "{5E5EB520-018C-4E75-97BC-DA52CED87032}"
EndProject
Project("{9A19103F-16F7-4668-BE54-9A1E7A4F7556}") = "Foundation1", "final\Foundation1\Foundation1.csproj", "{36FC5C05-042B-403A-B201-9D803A9B66C6}"
EndProject
Project("{9A19103F-16F7-4668-BE54-9A1E7A4F7556}") = "Foundation2", "final\Foundation2\Foundation2.csproj", "{69B5B145-C57F-41CD-9B45-0FD960555781}"
EndProject
Project("{9A19103F-16F7-4668-BE54-9A1E7A4F7556}") = "Foundation3", "final\Foundation3\Foundation3.csproj", "{193EDCAD-5F6F-4984-A8AC-83354C9411DF}"
EndProject
Project("{9A19103F-16F7-4668-BE54-9A1E7A4F7556}") = "Foundation4", "final\Foundation4\Foundation4.csproj", "{4DD6329B-DE06-47C8-B6CF-869914C465C1}"
EndProject
Project("{2150E333-8FDC-42A3-9474-1A3956D46DE8}") = "prepare", "prepare", "{50D6EC17-60E3-4A0F-8199-E68380D72EF9}"
EndProject
Project("{9A19103F-16F7-4668-BE54-9A1E7A4F7556}") = "Learning02", "prepare\Learning02\Learning02.csproj", "{153B31CB-B9AE-448A-918C-F8CB0C9B1ABA}"
EndProject
Project("{9A19103F-16F7-4668-BE54-9A1E7A4F7556}") = "Learning03", "prepare\Learning03\Learning03.csproj", "{A0763DAF-2D40-4A78-9E44-09CD179ED4D0}"
EndProject
Project("{9A19103F-16F7-4668-BE54-9A1E7A4F7556}") = "Learning04", "prepare\Learning04\Learning04.csproj", "{1B40D728-B189-4E9D-BB27-4E509A346336}"
EndProject
Project("{9A19103F-16F7-4668-BE54-9A1E7A4F7556}") = "Learning05", "prepare\Learning05\Learning05.csproj", "{5986957E-53FA-4D00-B752-BB08C694F0FA}"
EndProject
Project("{2150E333-8FDC-42A3-9474-1A3956D46DE8}") = "prove", "prove", "{51407387-7919-4CFC-B52C-0BE00CD4C3FD}"
EndProject
Project("{9A19103F-16F7-4668-BE54-9A1E7A4F7556}") = "Develop02", "prove\Develop02\Develop02.csproj", "{11B40AE1-BE83-435D-BCBA-1B5986FC7FB0}"
EndProject
Project("{9A19103F-16F7-4668-BE54-9A1E7A4F7556}") = "Develop03", "prove\Develop03\Develop03.csproj", "{74DA23D8-8706-4C03-9144-42A0502BDE94}"
EndProject
Project("{9A19103F-16F7-4668-BE54-9A1E7A4F7556}") = "Develop04", "prove\Develop04\Develop04.csproj", "{41BA4B57-A6EC-42EC-8942-9541C697ADC2}"
EndProject
Project("{9A19103F-16F7-4668-BE54-9A1E7A4F7556}") = "Develop05", "prove\Develop05\Develop05.csproj", "{A935CB2F-E0C8-4352-852F-4D955514CC1D}"
EndProject
Project("{2150E333-8FDC-42A3-9474-1A3956D46DE8}") = "sandbox", "sandbox", "{D1BCDC33-10C2-44ED-8EDF-9A7FD24E4D54}"
EndProject
Project("{9A19103F-16F7-4668-BE54-9A1E7A4F7556}") = "Sandbox", "sandbox\Sandbox\Sandbox.csproj", "{0BE33755-11A2-4B08-ACA5-ADBA1DB5812A}"
EndProject
Global
	GlobalSection(SolutionConfigurationPlatforms) = preSolution
		Debug|Any CPU = Debug|Any CPU
		Release|Any CPU = Release|Any CPU
	EndGlobalSection
	GlobalSection(ProjectConfigurationPlatforms) = postSolution
		{964252A1-6085-4D13-88E8-B1CA73B20042}.Debug|Any CPU.ActiveCfg = Debug|Any CPU
		{964252A1-6085-4D13-88E8-B1CA73B20042}.Debug|Any CPU.Build.0 = Debug|Any CPU
		{964252A1-6085-4D13-88E8-B1CA73B20042}.Release|Any CPU.ActiveCfg = Release|Any CPU
		{964252A1-6085-4D13-88E8-B1CA73B20042}.Release|Any CPU.Build.0 = Release|Any CPU
		{81D84171-CBD8-43AE-90D6-226E2308303B}.Debug|Any CPU.ActiveCfg = Debug|Any CPU
		{81D84171-CBD8-43AE-90D6-226E2308303B}.Debug|Any CPU.Build.0 = Debug|Any CPU
		{81D84171-CBD8-43AE-90D6-226E2308303B}.Release|Any CPU.ActiveCfg = Release|Any CPU
		{81D84171-CBD8-43AE-90D6-226E2308303B}.Release|Any CPU.Build.0 = Release|Any CPU
		{9767D7B3-80A5-49AA-A529-4AFD5486F366}.Debug|Any CPU.ActiveCfg = Debug|Any CPU
		{9767D7B3-80A5-49AA-A529-4AFD5486F366}.Debug|Any CPU.Build.0 = Debug|Any CPU
		{9767D7B3-80A5-49AA-A529-4AFD5486F366}.Release|Any CPU.ActiveCfg = Release|Any CPU
		{9767D7B3-80A5-49AA-A529-4AFD5486F366}.Release|Any CPU.Build.0 = Release|Any CPU
		{76ACAF66-8837-4F46-837B-C1CA6BE6876B}.Debug|Any CPU.ActiveCfg = Debug|Any CPU
		{76ACAF66-8837-4F46-837B-C1CA6BE6876B}.Debug|Any CPU.Build.0 = Debug|Any CPU
		{76ACAF66-8837-4F46-837B-C1CA6BE6876B}.Release|Any CPU.ActiveCfg = Release|Any CPU
		{76ACAF66-8837-4F46-837B-C1CA6BE6876B}.Release|Any CPU.Build.0 = Release|Any CPU
		{788E1E2F-1AB6-4F26-ABBF-33990799D21C}.Debug|Any CPU.ActiveCfg = Debug|Any CPU
		{788E1E2F-1AB6-4F26-ABBF-33990799D21C}.Debug|Any CPU.Build.0 = Debug|Any CPU
		{788E1E2F-1AB6-4F26-ABBF-33990799D21C}.Release|Any CPU.ActiveCfg = Release|Any CPU
		{788E1E2F-1AB6-4F26-ABBF-33990799D21C}.Release|Any CPU.Build.0 = Release|Any CPU
		{5E5EB520-018C-4E75-97BC-DA52CED87032}.Debug|Any CPU.ActiveCfg = Debug|Any CPU
		{5E5EB520-018C-4E75-97BC-DA52CED87032}.Debug|Any CPU.Build.0 = Debug|Any CPU
		{5E5EB520-018C-4E75-97BC-DA52CED87032}.Release|Any CPU.ActiveCfg = Release|Any CPU
		{5E5EB520-018C-4E75-97BC-DA52CED87032}.Release|Any CPU.Build.0 = Release|Any CPU
		{36FC5C05-042B-403A-B201-9D803A9B66C6}.Debug|Any CPU.ActiveCfg = Debug|Any CPU
		{36FC5C05-042B-403A-B201-9D803A9B66C6}.Debug|Any CPU.Build.0 = Debug|Any CPU
		{36FC5C05-042B-403A-B201-9D803A9B66C6}.Release|Any CPU.ActiveCfg = Release|Any CPU
		{36FC5C05-042B-403A-B201-9D803A9B66C6}.Release|Any CPU.Build.0 = Release|Any CPU
		{69B5B145-C57F-41CD-9B45-0FD960555781}.Debug|Any CPU.ActiveCfg = Debug|Any CPU
		{69B5B145-C57F-41CD-9B45-0FD960555781}.Debug|Any CPU.Build.0 = Debug|Any CPU
		{69B5B145-C57F-41CD-9B45-0FD960555781}.Release|Any CPU.ActiveCfg = Release|Any CPU
		{69B5B145-C57F-41CD-9B45-0FD960555781}.Release|Any CPU.Build.0 = Release|Any CPU
		{193EDCAD-5F6F-4984-A8AC-83354C9411DF}.Debug|Any CPU.ActiveCfg = Debug|Any CPU
		{193EDCAD-5F6F-4984-A8AC-83354C9411DF}.Debug|Any CPU.Build.0 = Debug|Any CPU
		{193EDCAD-5F6F-4984-A8AC-83354C9411DF}.Release|Any CPU.ActiveCfg = Release|Any CPU
		{193EDCAD-5F6F-4984-A8AC-83354C9411DF}.Release|Any CPU.Build.0 = Release|Any CPU
		{4DD6329B-DE06-47C8-B6CF-869914C465C1}.Debug|Any CPU.ActiveCfg = Debug|Any CPU
		{4DD6329B-DE06-47C8-B6CF-869914C465C1}.Debug|Any CPU.Build.0 = Debug|Any CPU
		{4DD6329B-DE06-47C8-B6CF-869914C465C1}.Release|Any CPU.ActiveCfg = Release|Any CPU
		{4DD6329B-DE06-47C8-B6CF-869914C465C1}.Release|Any CPU.Build.0 = Release|Any CPU
		{153B31CB-B9AE-448A-918C-F8CB0C9B1ABA}.Debug|Any CPU.ActiveCfg = Debug|Any CPU
		{153B31CB-B9AE-448A-918C-F8CB0C9B1ABA}.Debug|Any CPU.Build.0 = Debug|Any CPU
		{153B31CB-B9AE-448A-918C-F8CB0C9B1ABA}.Release|Any CPU.ActiveCfg = Release|Any CPU
		{153B31CB-B9AE-448A-918C-F8CB0C9B1ABA}.Release|Any CPU.Build.0 = Release|Any CPU
		{A0763DAF-2D40-4A78-9E44-09CD179ED4D0}.Debug|Any CPU.ActiveCfg = Debug|Any CPU
		{A0763DAF-2D40-4A78-9E44-09CD179ED4D0}.Debug|Any CPU.Build.0 = Debug|Any CPU
		{A0763DAF-2D40-4A78-9E44-09CD179ED4D0}.Release|Any CPU.ActiveCfg = Release|Any CPU
		{A0763DAF-2D40-4A78-9E44-09CD179ED4D0}.Release|Any CPU.Build.0 = Release|Any CPU
		{1B40D728-B189-4E9D-BB27-4E509A346336}.Debug|Any CPU.ActiveCfg = Debug|Any CPU
		{1B40D728-B189-4E9D-BB27-4E509A346336}.Debug|Any CPU.Build.0 = Debug|Any CPU
		{1B40D728-B189-4E9D-BB27-4E509A346336}.Release|Any CPU.ActiveCfg = Release|Any CPU
		{1B40D728-B189-4E9D-BB27-4E509A346336}.Release|Any CPU.Build.0 = Release|Any CPU
		{5986957E-53FA-4D00-B752-BB08C694F0FA}.Debug|Any CPU.ActiveCfg = Debug|Any CPU
		{5986957E-53FA-4D00-B752-BB08C694F0FA}.Debug|Any CPU.Build.0 = Debug|Any CPU
		{5986957E-53FA-4D00-B752-BB08C694F0FA}.Release|Any CPU.ActiveCfg = Release|Any CPU
		{5986957E-53FA-4D00-B752-BB08C694F0FA}.Release|Any CPU.Build.0 = Release|Any CPU
		{11B40AE1-BE83-435D-BCBA-1B5986FC7FB0}.Debug|Any CPU.ActiveCfg = Debug|Any CPU
		{11B40AE1-BE83-435D-BCBA-1B5986FC7FB0}.Debug|Any CPU.Build.0 = Debug|Any CPU
		{11B40AE1-BE83-435D-BCBA-1B5986FC7FB0}.Release|Any CPU.ActiveCfg = Release|Any CPU
		{11B40AE1-BE83-435D-BCBA-1B5986FC7FB0}.Release|Any CPU.Build.0 = Release|Any CPU
		{74DA23D8-8706-4C03-9144-42A0502BDE94}.Debug|Any CPU.ActiveCfg = Debug|Any CPU
		{74DA23D8-8706-4C03-9144-42A0502BDE94}.Debug|Any CPU.Build.0 = Debug|Any CPU
		{74DA23D8-8706-4C03-9144-42A0502BDE94}.Release|Any CPU.ActiveCfg = Release|Any CPU
		{74DA23D8-8706-4C03-9144-42A0502BDE94}.Release|Any CPU.Build.0 = Release|Any CPU
		{41BA4B57-A6EC-42EC-8942-9541C697ADC2}.Debug|Any CPU.ActiveCfg = Debug|Any CPU
		{41BA4B57-A6EC-42EC-8942-9541C697ADC2}.Debug|Any CPU.Build.0 = Debug|Any CPU
		{41BA4B57-A6EC-42EC-8942-9541C697ADC2}.Release|Any CPU.ActiveCfg = Release|Any CPU
		{41BA4B57-A6EC-42EC-8942-9541C697ADC2}.Release|Any CPU.Build.0 = Release|Any CPU
		{A935CB2F-E0C8-4352-852F-4D955514CC1D}.Debug|Any CPU.ActiveCfg = Debug|Any CPU
		{A935CB2F-E0C8-4352-852F-4D955514CC1D}.Debug|Any CPU.Build.0 = Debug|Any CPU
		{A935CB2F-E0C8-4352-852F-4D955514CC1D}.Release|Any CPU.ActiveCfg = Release|Any CPU
		{A935CB2F-E0C8-4352-852F-4D955514CC1D}.Release|Any CPU.Build.0 = Release|Any CPU
		{0BE33755-11A2-4B08-ACA5-ADBA1DB5812A}.Debug|Any CPU.ActiveCfg = Debug|Any CPU
		{0BE33755-11A2-4B08-ACA5-ADBA1DB5812A}.Debug|Any CPU.Build.0 = Debug|Any CPU
		{0BE33755-11A2-4B08-ACA5-ADBA1DB5812A}.Release|Any CPU.ActiveCfg = Release|Any CPU
		{0BE33755-11A2-4B08-ACA5-ADBA1DB5812A}.Release|Any CPU.Build.0 = Release|Any CPU
	EndGlobalSection
	GlobalSection(SolutionProperties) = preSolution
		HideSolutionNode = FALSE
	EndGlobalSection
	GlobalSection(NestedProjects) = preSolution
		{964252A1-6085-4D13-88E8-B1CA73B20042} = {94EC711B-2F4E-465A-98C5-C8A347AF6B77}
		{81D84171-CBD8-43AE-90D6-226E2308303B} = {94EC711B-2F4E-465A-98C5-C8A347AF6B77}
		{9767D7B3-80A5-49AA-A529-4AFD5486F366} = {94EC711B-2F4E-465A-98C5-C8A347AF6B77}
		{76ACAF66-8837-4F46-837B-C1CA6BE6876B} = {94EC711B-2F4E-465A-98C5-C8A347AF6B77}
		{788E1E2F-1AB6-4F26-ABBF-33990799D21C} = {94EC711B-2F4E-465A-98C5-C8A347AF6B77}
		{5E5EB520-018C-4E75-97BC-DA52CED87032} = {6ECF93D8-A83B-40DE-9927-6B39C7AAFD93}
		{36FC5C05-042B-403A-B201-9D803A9B66C6} = {6ECF93D8-A83B-40DE-9927-6B39C7AAFD93}
		{69B5B145-C57F-41CD-9B45-0FD960555781} = {6ECF93D8-A83B-40DE-9927-6B39C7AAFD93}
		{193EDCAD-5F6F-4984-A8AC-83354C9411DF} = {6ECF93D8-A83B-40DE-9927-6B39C7AAFD93}
		{4DD6329B-DE06-47C8-B6CF-869914C465C1} = {6ECF93D8-A83B-40DE-9927-6B39C7AAFD93}
		{153B31CB-B9AE-448A-918C-F8CB0C9B1ABA} = {50D6EC17-60E3-4A0F-8199-E68380D72EF9}
		{A0763DAF-2D40-4A78-9E44-09CD179ED4D0} = {50D6EC17-60E3-4A0F-8199-E68380D72EF9}
		{1B40D728-B189-4E9D-BB27-4E509A346336} = {50D6EC17-60E3-4A0F-8199-E68380D72EF9}
		{5986957E-53FA-4D00-B752-BB08C694F0FA} = {50D6EC17-60E3-4A0F-8199-E68380D72EF9}
		{11B40AE1-BE83-435D-BCBA-1B5986FC7FB0} = {51407387-7919-4CFC-B52C-0BE00CD4C3FD}
		{74DA23D8-8706-4C03-9144-42A0502BDE94} = {51407387-7919-4CFC-B52C-0BE00CD4C3FD}
		{41BA4B57-A6EC-42EC-8942-9541C697ADC2} = {51407387-7919-4CFC-B52C-0BE00CD4C3FD}
		{A935CB2F-E0C8-4352-852F-4D955514CC1D} = {51407387-7919-4CFC-B52C-0BE00CD4C3FD}
		{0BE33755-11A2-4B08-ACA5-ADBA1DB5812A} = {D1BCDC33-10C2-44ED-8EDF-9A7FD24E4D54}
	EndGlobalSection
	GlobalSection(ExtensibilityGlobals) = postSolution
		SolutionGuid = {B74020F4-6679-45BC-90A2-45F445F5ABFD}
	EndGlobalSection
EndGlobal
